
Microsoft Visual Studio Solution File, Format Version 12.00
# Visual Studio 15
Project("{FAE04EC0-301F-11D3-BF4B-00C04F79EFBC}") = "Project2", "Project2.csproj", "{88809E77-BA61-444C-9D6B-EFFA7932641B}"
EndProject
Global
	GlobalSection(SolutionConfigurationPlatforms) = preSolution
		Debug|Any CPU = Debug|Any CPU
		Release|Any CPU = Release|Any CPU
	EndGlobalSection
	GlobalSection(ProjectConfigurationPlatforms) = postSolution
		{88809E77-BA61-444C-9D6B-EFFA7932641B}.Debug|Any CPU.ActiveCfg = Debug|Any CPU
		{88809E77-BA61-444C-9D6B-EFFA7932641B}.Debug|Any CPU.Build.0 = Debug|Any CPU
		{88809E77-BA61-444C-9D6B-EFFA7932641B}.Release|Any CPU.ActiveCfg = Release|Any CPU
		{88809E77-BA61-444C-9D6B-EFFA7932641B}.Release|Any CPU.Build.0 = Release|Any CPU
	EndGlobalSection
EndGlobal
