
Microsoft Visual Studio Solution File, Format Version 12.00
# Visual Studio 15
VisualStudioVersion = 15.0.28307.489
MinimumVisualStudioVersion = 10.0.40219.1
Project("{9A19103F-16F7-4668-BE54-9A1E7A4F7556}") = "Project4", "Project4\Project4.csproj", "{CE1797D3-FCC8-42C0-97A0-04708A2F48AB}"
EndProject
Global
	GlobalSection(SolutionConfigurationPlatforms) = preSolution
		Debug|Any CPU = Debug|Any CPU
		Release|Any CPU = Release|Any CPU
	EndGlobalSection
	GlobalSection(ProjectConfigurationPlatforms) = postSolution
		{CE1797D3-FCC8-42C0-97A0-04708A2F48AB}.Debug|Any CPU.ActiveCfg = Debug|Any CPU
		{CE1797D3-FCC8-42C0-97A0-04708A2F48AB}.Debug|Any CPU.Build.0 = Debug|Any CPU
		{CE1797D3-FCC8-42C0-97A0-04708A2F48AB}.Release|Any CPU.ActiveCfg = Release|Any CPU
		{CE1797D3-FCC8-42C0-97A0-04708A2F48AB}.Release|Any CPU.Build.0 = Release|Any CPU
	EndGlobalSection
	GlobalSection(SolutionProperties) = preSolution
		HideSolutionNode = FALSE
	EndGlobalSection
	GlobalSection(ExtensibilityGlobals) = postSolution
		SolutionGuid = {ADE13BD4-88A7-43EB-A807-0083EE600D2E}
	EndGlobalSection
EndGlobal
